{
  "name": "example",
  "version": "1.0.0",
  "lockfileVersion": 3,
  "requires": true,
  "packages": {
    "": {
      "name": "example",
      "version": "1.0.0",
      "license": "ISC",
      "devDependencies": {
        "@kiba-org/cities": "../dist"
      }
    },
    "../dist": {
      "dev": true
    },
    "node_modules/@kiba-org/cities": {
      "resolved": "../dist",
      "link": true
    }
  }
}
