{
  "name": "example",
  "version": "1.0.0",
  "lockfileVersion": 3,
  "requires": true,
  "packages": {
    "": {
      "name": "example",
      "version": "1.0.0",
      "license": "ISC",
      "devDependencies": {
        "@kiba-org/cities": "../dist"
      }
    },
    "..": {
      "name": "@kiba-org/cities",
      "version": "0.2.8",
      "dev": true,
      "license": "MIT",
      "devDependencies": {
        "@testing-library/jest-dom": "^6.1.4",
        "@types/node": "^20.8.10",
        "cpy-cli": "^5.0.0",
        "rimraf": "^5.0.5",
        "typescript": "^5.2.2",
        "vite": "^4.5.0",
        "vitest": "^0.34.6"
      }
    },
    "../dist": {
      "dev": true
    },
    "../package.json": {
      "extraneous": true
    },
    "node_modules/@kiba-org/cities": {
      "resolved": "../dist",
      "link": true
    }
  }
}
